
Microsoft Visual Studio Solution File, Format Version 11.00
# Visual Studio 2010
Project("{FAE04EC0-301F-11D3-BF4B-00C04F79EFBC}") = "Unity_Kadai", "Assembly-CSharp-firstpass.csproj", "{A245253B-AED6-0D30-61E8-D067D7AF236F}"
EndProject
Project("{FAE04EC0-301F-11D3-BF4B-00C04F79EFBC}") = "Unity_Kadai", "Assembly-CSharp-Editor-firstpass.csproj", "{A378D8A2-289F-548F-1505-304A538F4378}"
EndProject
Global
	GlobalSection(SolutionConfigurationPlatforms) = preSolution
		Debug|Any CPU = Debug|Any CPU
		Release|Any CPU = Release|Any CPU
	EndGlobalSection
	GlobalSection(ProjectConfigurationPlatforms) = postSolution
		{A245253B-AED6-0D30-61E8-D067D7AF236F}.Debug|Any CPU.ActiveCfg = Debug|Any CPU
		{A245253B-AED6-0D30-61E8-D067D7AF236F}.Debug|Any CPU.Build.0 = Debug|Any CPU
		{A245253B-AED6-0D30-61E8-D067D7AF236F}.Release|Any CPU.ActiveCfg = Release|Any CPU
		{A245253B-AED6-0D30-61E8-D067D7AF236F}.Release|Any CPU.Build.0 = Release|Any CPU
		{A378D8A2-289F-548F-1505-304A538F4378}.Debug|Any CPU.ActiveCfg = Debug|Any CPU
		{A378D8A2-289F-548F-1505-304A538F4378}.Debug|Any CPU.Build.0 = Debug|Any CPU
		{A378D8A2-289F-548F-1505-304A538F4378}.Release|Any CPU.ActiveCfg = Release|Any CPU
		{A378D8A2-289F-548F-1505-304A538F4378}.Release|Any CPU.Build.0 = Release|Any CPU
	EndGlobalSection
	GlobalSection(SolutionProperties) = preSolution
		HideSolutionNode = FALSE
	EndGlobalSection
	GlobalSection(MonoDevelopProperties) = preSolution
		StartupItem = Assembly-CSharp.csproj
	EndGlobalSection
EndGlobal
